
Microsoft Visual Studio Solution File, Format Version 12.00
# Visual Studio Version 17
VisualStudioVersion = 17.5.33530.505
MinimumVisualStudioVersion = 10.0.40219.1
Project("{FAE04EC0-301F-11D3-BF4B-00C04F79EFBC}") = "MCSNumbers", "MCSNumbers.csproj", "{4095339F-4C12-45D5-98EB-2F82B1119CCA}"
EndProject
Global
	GlobalSection(SolutionConfigurationPlatforms) = preSolution
		Debug|Any CPU = Debug|Any CPU
		Release|Any CPU = Release|Any CPU
	EndGlobalSection
	GlobalSection(ProjectConfigurationPlatforms) = postSolution
		{4095339F-4C12-45D5-98EB-2F82B1119CCA}.Debug|Any CPU.ActiveCfg = Debug|Any CPU
		{4095339F-4C12-45D5-98EB-2F82B1119CCA}.Debug|Any CPU.Build.0 = Debug|Any CPU
		{4095339F-4C12-45D5-98EB-2F82B1119CCA}.Release|Any CPU.ActiveCfg = Release|Any CPU
		{4095339F-4C12-45D5-98EB-2F82B1119CCA}.Release|Any CPU.Build.0 = Release|Any CPU
	EndGlobalSection
	GlobalSection(SolutionProperties) = preSolution
		HideSolutionNode = FALSE
	EndGlobalSection
	GlobalSection(ExtensibilityGlobals) = postSolution
		SolutionGuid = {F7A20DED-2A15-4DBA-AD67-17018B51588E}
	EndGlobalSection
EndGlobal
