
Microsoft Visual Studio Solution File, Format Version 12.00
# Visual Studio Version 17
VisualStudioVersion = 17.5.33530.505
MinimumVisualStudioVersion = 10.0.40219.1
Project("{FAE04EC0-301F-11D3-BF4B-00C04F79EFBC}") = "TemplateSettings", "TemplateSettings.csproj", "{59FBBACD-3228-4301-BC0A-905592A4E029}"
EndProject
Global
	GlobalSection(SolutionConfigurationPlatforms) = preSolution
		Debug|Any CPU = Debug|Any CPU
		Release|Any CPU = Release|Any CPU
	EndGlobalSection
	GlobalSection(ProjectConfigurationPlatforms) = postSolution
		{59FBBACD-3228-4301-BC0A-905592A4E029}.Debug|Any CPU.ActiveCfg = Debug|Any CPU
		{59FBBACD-3228-4301-BC0A-905592A4E029}.Debug|Any CPU.Build.0 = Debug|Any CPU
		{59FBBACD-3228-4301-BC0A-905592A4E029}.Release|Any CPU.ActiveCfg = Release|Any CPU
		{59FBBACD-3228-4301-BC0A-905592A4E029}.Release|Any CPU.Build.0 = Release|Any CPU
	EndGlobalSection
	GlobalSection(SolutionProperties) = preSolution
		HideSolutionNode = FALSE
	EndGlobalSection
	GlobalSection(ExtensibilityGlobals) = postSolution
		SolutionGuid = {48E49FAD-9D7F-4C0F-9093-24A1B6BA2BE1}
	EndGlobalSection
EndGlobal
